// !$*UTF8*$!
{
	archiveVersion = 1;
	classes = {
	};
	objectVersion = 46;
	objects = {

/* Begin PBXBuildFile section */
		0232ECE015E461130053FE65 /* RTD2.0.sqlite in Resources */ = {isa = PBXBuildFile; fileRef = 0232ECDF15E461130053FE65 /* RTD2.0.sqlite */; };
		02473396152AB3E9000A42FC /* libFlurryAnalytics.a in Frameworks */ = {isa = PBXBuildFile; fileRef = 02473395152AB3E9000A42FC /* libFlurryAnalytics.a */; };
		028ED94513342C9A0055CDC7 /* MapKit.framework in Frameworks */ = {isa = PBXBuildFile; fileRef = 028ED94413342C9A0055CDC7 /* MapKit.framework */; };
		028ED94713342CA10055CDC7 /* libz.dylib in Frameworks */ = {isa = PBXBuildFile; fileRef = 028ED94613342CA10055CDC7 /* libz.dylib */; };
		02AE137F130B9C3700816476 /* light-rail-map.pdf in Resources */ = {isa = PBXBuildFile; fileRef = 02AE137E130B9C3700816476 /* light-rail-map.pdf */; };
		140B57B1105D92DF00468DC9 /* TimeChangeViewController.m in Sources */ = {isa = PBXBuildFile; fileRef = 140B57AF105D92DF00468DC9 /* TimeChangeViewController.m */; };
		1450A155103B8BF00069B04C /* NSDate+TimeInMinutes.m in Sources */ = {isa = PBXBuildFile; fileRef = 1450A154103B8BF00069B04C /* NSDate+TimeInMinutes.m */; };
		1454CF30102F69D7007F0516 /* StationViewController.m in Sources */ = {isa = PBXBuildFile; fileRef = 1454CF2F102F69D7007F0516 /* StationViewController.m */; };
		145B006B124FFC4300A643AA /* NSData+gzip.m in Sources */ = {isa = PBXBuildFile; fileRef = 145B006A124FFC4300A643AA /* NSData+gzip.m */; };
		145B00A5125014C100A643AA /* DatabaseUpdater.m in Sources */ = {isa = PBXBuildFile; fileRef = 145B00A4125014C100A643AA /* DatabaseUpdater.m */; };
		145BFFDD124FD3B700A643AA /* BCycleViewController.m in Sources */ = {isa = PBXBuildFile; fileRef = 145BFFDC124FD3B700A643AA /* BCycleViewController.m */; };
		145BFFE0124FD3C700A643AA /* StationAnnotation.m in Sources */ = {isa = PBXBuildFile; fileRef = 145BFFDF124FD3C700A643AA /* StationAnnotation.m */; };
		145BFFF5124FD52D00A643AA /* bcycle_stations.txt in Resources */ = {isa = PBXBuildFile; fileRef = 145BFFF4124FD52D00A643AA /* bcycle_stations.txt */; };
		1465D90B129DE0F1009132DE /* DatabaseLoader.m in Sources */ = {isa = PBXBuildFile; fileRef = 1465D90A129DE0F1009132DE /* DatabaseLoader.m */; };
		1484255A105BD87900DCB458 /* ManualSelectViewController.m in Sources */ = {isa = PBXBuildFile; fileRef = 14842559105BD87900DCB458 /* ManualSelectViewController.m */; };
		1484255D105BD8B000DCB458 /* ClosestSelectViewController.m in Sources */ = {isa = PBXBuildFile; fileRef = 1484255C105BD8B000DCB458 /* ClosestSelectViewController.m */; };
		14B7017B12356DCA007B9C90 /* main.m in Sources */ = {isa = PBXBuildFile; fileRef = 14B7017612356DCA007B9C90 /* main.m */; };
		14B7017D12356DCA007B9C90 /* RTD.xcdatamodel in Sources */ = {isa = PBXBuildFile; fileRef = 14B7017912356DCA007B9C90 /* RTD.xcdatamodel */; };
		14B701CB12356E2F007B9C90 /* Default.png in Resources */ = {isa = PBXBuildFile; fileRef = 14B701B512356E2F007B9C90 /* Default.png */; };
		14B701CC12356E2F007B9C90 /* Default@2x.png in Resources */ = {isa = PBXBuildFile; fileRef = 14B701B612356E2F007B9C90 /* Default@2x.png */; };
		14B701CF12356E2F007B9C90 /* nav-bcycle_down.png in Resources */ = {isa = PBXBuildFile; fileRef = 14B701B912356E2F007B9C90 /* nav-bcycle_down.png */; };
		14B701D012356E2F007B9C90 /* nav-bcycle_down@2x.png in Resources */ = {isa = PBXBuildFile; fileRef = 14B701BA12356E2F007B9C90 /* nav-bcycle_down@2x.png */; };
		14B701D112356E2F007B9C90 /* nav-bcycle.png in Resources */ = {isa = PBXBuildFile; fileRef = 14B701BB12356E2F007B9C90 /* nav-bcycle.png */; };
		14B701D212356E2F007B9C90 /* nav-bcycle@2x.png in Resources */ = {isa = PBXBuildFile; fileRef = 14B701BC12356E2F007B9C90 /* nav-bcycle@2x.png */; };
		14B701D312356E2F007B9C90 /* nav-northbound_down.png in Resources */ = {isa = PBXBuildFile; fileRef = 14B701BD12356E2F007B9C90 /* nav-northbound_down.png */; };
		14B701D412356E2F007B9C90 /* nav-northbound_down@2x.png in Resources */ = {isa = PBXBuildFile; fileRef = 14B701BE12356E2F007B9C90 /* nav-northbound_down@2x.png */; };
		14B701D512356E2F007B9C90 /* nav-northbound.png in Resources */ = {isa = PBXBuildFile; fileRef = 14B701BF12356E2F007B9C90 /* nav-northbound.png */; };
		14B701D612356E2F007B9C90 /* nav-northbound@2x.png in Resources */ = {isa = PBXBuildFile; fileRef = 14B701C012356E2F007B9C90 /* nav-northbound@2x.png */; };
		14B701D712356E2F007B9C90 /* nav-route-map_down.png in Resources */ = {isa = PBXBuildFile; fileRef = 14B701C112356E2F007B9C90 /* nav-route-map_down.png */; };
		14B701D812356E2F007B9C90 /* nav-route-map_down@2x.png in Resources */ = {isa = PBXBuildFile; fileRef = 14B701C212356E2F007B9C90 /* nav-route-map_down@2x.png */; };
		14B701D912356E2F007B9C90 /* nav-route-map.png in Resources */ = {isa = PBXBuildFile; fileRef = 14B701C312356E2F007B9C90 /* nav-route-map.png */; };
		14B701DA12356E2F007B9C90 /* nav-route-map@2x.png in Resources */ = {isa = PBXBuildFile; fileRef = 14B701C412356E2F007B9C90 /* nav-route-map@2x.png */; };
		14B701DB12356E2F007B9C90 /* nav-southbound_down.png in Resources */ = {isa = PBXBuildFile; fileRef = 14B701C512356E2F007B9C90 /* nav-southbound_down.png */; };
		14B701DC12356E2F007B9C90 /* nav-southbound_down@2x.png in Resources */ = {isa = PBXBuildFile; fileRef = 14B701C612356E2F007B9C90 /* nav-southbound_down@2x.png */; };
		14B701DD12356E2F007B9C90 /* nav-southbound.png in Resources */ = {isa = PBXBuildFile; fileRef = 14B701C712356E2F007B9C90 /* nav-southbound.png */; };
		14B701DE12356E2F007B9C90 /* nav-southbound@2x.png in Resources */ = {isa = PBXBuildFile; fileRef = 14B701C812356E2F007B9C90 /* nav-southbound@2x.png */; };
		14B701DF12356E2F007B9C90 /* RTDIcon_57x57.png in Resources */ = {isa = PBXBuildFile; fileRef = 14B701C912356E2F007B9C90 /* RTDIcon_57x57.png */; };
		14B701E012356E2F007B9C90 /* RTDIcon_114x114.png in Resources */ = {isa = PBXBuildFile; fileRef = 14B701CA12356E2F007B9C90 /* RTDIcon_114x114.png */; };
		14B701F712356EAA007B9C90 /* DayTypeChangeViewController.xib in Resources */ = {isa = PBXBuildFile; fileRef = 14B701EC12356EAA007B9C90 /* DayTypeChangeViewController.xib */; };
		14B701FC12356EAA007B9C90 /* RunViewController.xib in Resources */ = {isa = PBXBuildFile; fileRef = 14B701F112356EAA007B9C90 /* RunViewController.xib */; };
		14B701FD12356EAA007B9C90 /* StationChangeViewController.xib in Resources */ = {isa = PBXBuildFile; fileRef = 14B701F212356EAA007B9C90 /* StationChangeViewController.xib */; };
		14B701FE12356EAA007B9C90 /* StationListViewController.xib in Resources */ = {isa = PBXBuildFile; fileRef = 14B701F312356EAA007B9C90 /* StationListViewController.xib */; };
		14B7020012356EAA007B9C90 /* TimeChangeViewController.xib in Resources */ = {isa = PBXBuildFile; fileRef = 14B701F512356EAA007B9C90 /* TimeChangeViewController.xib */; };
		14B7022912357740007B9C90 /* MainSectionSelectorView.m in Sources */ = {isa = PBXBuildFile; fileRef = 14B7022812357740007B9C90 /* MainSectionSelectorView.m */; };
		14B7022E12357DC0007B9C90 /* DenverRideBaseViewController.m in Sources */ = {isa = PBXBuildFile; fileRef = 14B7022D12357DC0007B9C90 /* DenverRideBaseViewController.m */; };
		14B7029D1235CBB1007B9C90 /* UIView+Categories.m in Sources */ = {isa = PBXBuildFile; fileRef = 14B7029C1235CBB1007B9C90 /* UIView+Categories.m */; };
		14BCE4F110CC4404003E4391 /* RTDMapViewController.m in Sources */ = {isa = PBXBuildFile; fileRef = 14BCE4EF10CC4404003E4391 /* RTDMapViewController.m */; };
		14C6CBD91033038D00368298 /* RunViewController.m in Sources */ = {isa = PBXBuildFile; fileRef = 14C6CBD71033038D00368298 /* RunViewController.m */; };
		14DDBCC71085801F00583F84 /* NSObject+SBJSON.m in Sources */ = {isa = PBXBuildFile; fileRef = 14DDBCBC1085801F00583F84 /* NSObject+SBJSON.m */; };
		14DDBCC81085801F00583F84 /* NSString+SBJSON.m in Sources */ = {isa = PBXBuildFile; fileRef = 14DDBCBE1085801F00583F84 /* NSString+SBJSON.m */; };
		14DDBCC91085801F00583F84 /* SBJSON.m in Sources */ = {isa = PBXBuildFile; fileRef = 14DDBCC01085801F00583F84 /* SBJSON.m */; };
		14DDBCCA1085801F00583F84 /* SBJsonBase.m in Sources */ = {isa = PBXBuildFile; fileRef = 14DDBCC21085801F00583F84 /* SBJsonBase.m */; };
		14DDBCCB1085801F00583F84 /* SBJsonParser.m in Sources */ = {isa = PBXBuildFile; fileRef = 14DDBCC41085801F00583F84 /* SBJsonParser.m */; };
		14DDBCCC1085801F00583F84 /* SBJsonWriter.m in Sources */ = {isa = PBXBuildFile; fileRef = 14DDBCC61085801F00583F84 /* SBJsonWriter.m */; };
		14DDBCD91085881300583F84 /* EncapsulatedConnection.m in Sources */ = {isa = PBXBuildFile; fileRef = 14DDBCD81085881300583F84 /* EncapsulatedConnection.m */; };
		14E4D5E51034FD5700640D8B /* StationListViewController.m in Sources */ = {isa = PBXBuildFile; fileRef = 14E4D5E31034FD5700640D8B /* StationListViewController.m */; };
		14E4D90B10370DE600640D8B /* CoreLocation.framework in Frameworks */ = {isa = PBXBuildFile; fileRef = 14E4D90A10370DE600640D8B /* CoreLocation.framework */; };
		14E4D9DE10373C0D00640D8B /* StationStopTableViewCell.m in Sources */ = {isa = PBXBuildFile; fileRef = 14E4D9DD10373C0D00640D8B /* StationStopTableViewCell.m */; };
		14E4DD8B1038B8BB00640D8B /* UIColorCategories.m in Sources */ = {isa = PBXBuildFile; fileRef = 14E4DD891038B8BB00640D8B /* UIColorCategories.m */; };
		14E4DE221038CF7000640D8B /* LoadingView.m in Sources */ = {isa = PBXBuildFile; fileRef = 14E4DE211038CF7000640D8B /* LoadingView.m */; };
		14EC9CF61026370F00F375E2 /* Line.m in Sources */ = {isa = PBXBuildFile; fileRef = 14EC9CF11026370F00F375E2 /* Line.m */; };
		14EC9CF71026370F00F375E2 /* Station.m in Sources */ = {isa = PBXBuildFile; fileRef = 14EC9CF31026370F00F375E2 /* Station.m */; };
		14EC9CF81026370F00F375E2 /* Stop.m in Sources */ = {isa = PBXBuildFile; fileRef = 14EC9CF51026370F00F375E2 /* Stop.m */; };
		14FBCD8D106E8D5F002D6185 /* DayTypeChangeViewController.m in Sources */ = {isa = PBXBuildFile; fileRef = 14FBCD8B106E8D5F002D6185 /* DayTypeChangeViewController.m */; };
		14FBCE39106EBDE3002D6185 /* StationChangeViewController.m in Sources */ = {isa = PBXBuildFile; fileRef = 14FBCE37106EBDE3002D6185 /* StationChangeViewController.m */; };
		1D3623260D0F684500981E51 /* RTDAppDelegate.m in Sources */ = {isa = PBXBuildFile; fileRef = 1D3623250D0F684500981E51 /* RTDAppDelegate.m */; };
		1D60589F0D05DD5A006BFB54 /* Foundation.framework in Frameworks */ = {isa = PBXBuildFile; fileRef = 1D30AB110D05D00D00671497 /* Foundation.framework */; };
		1DF5F4E00D08C38300B7A737 /* UIKit.framework in Frameworks */ = {isa = PBXBuildFile; fileRef = 1DF5F4DF0D08C38300B7A737 /* UIKit.framework */; };
		28860BE50F44EE6400985440 /* CoreData.framework in Frameworks */ = {isa = PBXBuildFile; fileRef = 28860BE40F44EE6400985440 /* CoreData.framework */; };
		2892E4100DC94CBA00A64D0F /* CoreGraphics.framework in Frameworks */ = {isa = PBXBuildFile; fileRef = 2892E40F0DC94CBA00A64D0F /* CoreGraphics.framework */; };
		28C286E10D94DF7D0034E888 /* RootViewController.m in Sources */ = {isa = PBXBuildFile; fileRef = 28C286E00D94DF7D0034E888 /* RootViewController.m */; };
/* End PBXBuildFile section */

/* Begin PBXFileReference section */
		0232ECDF15E461130053FE65 /* RTD2.0.sqlite */ = {isa = PBXFileReference; lastKnownFileType = file; path = RTD2.0.sqlite; sourceTree = "<group>"; };
		02473394152AB3CE000A42FC /* FlurryAnalytics.h */ = {isa = PBXFileReference; fileEncoding = 4; lastKnownFileType = sourcecode.c.h; name = FlurryAnalytics.h; path = Flurry/FlurryAnalytics.h; sourceTree = SOURCE_ROOT; };
		02473395152AB3E9000A42FC /* libFlurryAnalytics.a */ = {isa = PBXFileReference; lastKnownFileType = archive.ar; name = libFlurryAnalytics.a; path = Flurry/libFlurryAnalytics.a; sourceTree = "<group>"; };
		028ED94413342C9A0055CDC7 /* MapKit.framework */ = {isa = PBXFileReference; lastKnownFileType = wrapper.framework; name = MapKit.framework; path = System/Library/Frameworks/MapKit.framework; sourceTree = SDKROOT; };
		028ED94613342CA10055CDC7 /* libz.dylib */ = {isa = PBXFileReference; lastKnownFileType = "compiled.mach-o.dylib"; name = libz.dylib; path = usr/lib/libz.dylib; sourceTree = SDKROOT; };
		02A89FD913024DCF00D8F0A1 /* DLog.h */ = {isa = PBXFileReference; fileEncoding = 4; lastKnownFileType = sourcecode.c.h; path = DLog.h; sourceTree = SOURCE_ROOT; };
		02AE137E130B9C3700816476 /* light-rail-map.pdf */ = {isa = PBXFileReference; lastKnownFileType = image.pdf; name = "light-rail-map.pdf"; path = "Artwork/light-rail-map.pdf"; sourceTree = "<group>"; };
		02B7FD3E156A9EA600867D4A /* Denver Ride.entitlements */ = {isa = PBXFileReference; lastKnownFileType = text.xml; path = "Denver Ride.entitlements"; sourceTree = "<group>"; };
		140B57AE105D92DE00468DC9 /* TimeChangeViewController.h */ = {isa = PBXFileReference; fileEncoding = 4; lastKnownFileType = sourcecode.c.h; path = TimeChangeViewController.h; sourceTree = "<group>"; };
		140B57AF105D92DF00468DC9 /* TimeChangeViewController.m */ = {isa = PBXFileReference; fileEncoding = 4; lastKnownFileType = sourcecode.c.objc; path = TimeChangeViewController.m; sourceTree = "<group>"; };
		1450A153103B8BF00069B04C /* NSDate+TimeInMinutes.h */ = {isa = PBXFileReference; fileEncoding = 4; lastKnownFileType = sourcecode.c.h; path = "NSDate+TimeInMinutes.h"; sourceTree = "<group>"; };
		1450A154103B8BF00069B04C /* NSDate+TimeInMinutes.m */ = {isa = PBXFileReference; fileEncoding = 4; lastKnownFileType = sourcecode.c.objc; path = "NSDate+TimeInMinutes.m"; sourceTree = "<group>"; };
		1454CF2E102F69D7007F0516 /* StationViewController.h */ = {isa = PBXFileReference; fileEncoding = 4; lastKnownFileType = sourcecode.c.h; path = StationViewController.h; sourceTree = "<group>"; };
		1454CF2F102F69D7007F0516 /* StationViewController.m */ = {isa = PBXFileReference; fileEncoding = 4; lastKnownFileType = sourcecode.c.objc; path = StationViewController.m; sourceTree = "<group>"; };
		145B0069124FFC4300A643AA /* NSData+gzip.h */ = {isa = PBXFileReference; fileEncoding = 4; lastKnownFileType = sourcecode.c.h; path = "NSData+gzip.h"; sourceTree = "<group>"; };
		145B006A124FFC4300A643AA /* NSData+gzip.m */ = {isa = PBXFileReference; fileEncoding = 4; lastKnownFileType = sourcecode.c.objc; path = "NSData+gzip.m"; sourceTree = "<group>"; };
		145B00A3125014C100A643AA /* DatabaseUpdater.h */ = {isa = PBXFileReference; fileEncoding = 4; lastKnownFileType = sourcecode.c.h; path = DatabaseUpdater.h; sourceTree = "<group>"; };
		145B00A4125014C100A643AA /* DatabaseUpdater.m */ = {isa = PBXFileReference; fileEncoding = 4; lastKnownFileType = sourcecode.c.objc; path = DatabaseUpdater.m; sourceTree = "<group>"; };
		145BFFDB124FD3B700A643AA /* BCycleViewController.h */ = {isa = PBXFileReference; fileEncoding = 4; lastKnownFileType = sourcecode.c.h; path = BCycleViewController.h; sourceTree = "<group>"; };
		145BFFDC124FD3B700A643AA /* BCycleViewController.m */ = {isa = PBXFileReference; fileEncoding = 4; lastKnownFileType = sourcecode.c.objc; path = BCycleViewController.m; sourceTree = "<group>"; };
		145BFFDE124FD3C700A643AA /* StationAnnotation.h */ = {isa = PBXFileReference; fileEncoding = 4; lastKnownFileType = sourcecode.c.h; path = StationAnnotation.h; sourceTree = "<group>"; };
		145BFFDF124FD3C700A643AA /* StationAnnotation.m */ = {isa = PBXFileReference; fileEncoding = 4; lastKnownFileType = sourcecode.c.objc; path = StationAnnotation.m; sourceTree = "<group>"; };
		145BFFF4124FD52D00A643AA /* bcycle_stations.txt */ = {isa = PBXFileReference; fileEncoding = 4; lastKnownFileType = text; path = bcycle_stations.txt; sourceTree = "<group>"; };
		1465D909129DE0F1009132DE /* DatabaseLoader.h */ = {isa = PBXFileReference; fileEncoding = 4; lastKnownFileType = sourcecode.c.h; path = DatabaseLoader.h; sourceTree = "<group>"; };
		1465D90A129DE0F1009132DE /* DatabaseLoader.m */ = {isa = PBXFileReference; fileEncoding = 4; lastKnownFileType = sourcecode.c.objc; path = DatabaseLoader.m; sourceTree = "<group>"; };
		1465D90C129DE80E009132DE /* routes.txt */ = {isa = PBXFileReference; fileEncoding = 4; lastKnownFileType = text; name = routes.txt; path = "google inputs/routes.txt"; sourceTree = SOURCE_ROOT; };
		1465D90D129DE80E009132DE /* stop_times.txt */ = {isa = PBXFileReference; fileEncoding = 4; lastKnownFileType = text; name = stop_times.txt; path = "google inputs/stop_times.txt"; sourceTree = SOURCE_ROOT; };
		1465D90E129DE80E009132DE /* stops.txt */ = {isa = PBXFileReference; fileEncoding = 4; lastKnownFileType = text; name = stops.txt; path = "google inputs/stops.txt"; sourceTree = SOURCE_ROOT; };
		1465D90F129DE80E009132DE /* trips.txt */ = {isa = PBXFileReference; fileEncoding = 4; lastKnownFileType = text; name = trips.txt; path = "google inputs/trips.txt"; sourceTree = SOURCE_ROOT; };
		147DADD7105C45A60050081B /* ChangeDirectionProtocol.h */ = {isa = PBXFileReference; fileEncoding = 4; lastKnownFileType = sourcecode.c.h; path = ChangeDirectionProtocol.h; sourceTree = "<group>"; };
		14842558105BD87900DCB458 /* ManualSelectViewController.h */ = {isa = PBXFileReference; fileEncoding = 4; lastKnownFileType = sourcecode.c.h; path = ManualSelectViewController.h; sourceTree = "<group>"; };
		14842559105BD87900DCB458 /* ManualSelectViewController.m */ = {isa = PBXFileReference; fileEncoding = 4; lastKnownFileType = sourcecode.c.objc; path = ManualSelectViewController.m; sourceTree = "<group>"; };
		1484255B105BD8B000DCB458 /* ClosestSelectViewController.h */ = {isa = PBXFileReference; fileEncoding = 4; lastKnownFileType = sourcecode.c.h; path = ClosestSelectViewController.h; sourceTree = "<group>"; };
		1484255C105BD8B000DCB458 /* ClosestSelectViewController.m */ = {isa = PBXFileReference; fileEncoding = 4; lastKnownFileType = sourcecode.c.objc; path = ClosestSelectViewController.m; sourceTree = "<group>"; };
		14A782DB129E138600C7F372 /* linesToProcess.txt */ = {isa = PBXFileReference; fileEncoding = 4; lastKnownFileType = text; path = linesToProcess.txt; sourceTree = "<group>"; };
		14A82114123764DB00DA7692 /* Constants.h */ = {isa = PBXFileReference; fileEncoding = 4; lastKnownFileType = sourcecode.c.h; path = Constants.h; sourceTree = "<group>"; };
		14B7017612356DCA007B9C90 /* main.m */ = {isa = PBXFileReference; fileEncoding = 4; lastKnownFileType = sourcecode.c.objc; name = main.m; path = "App Resources/main.m"; sourceTree = "<group>"; };
		14B7017712356DCA007B9C90 /* RTD_Prefix.pch */ = {isa = PBXFileReference; fileEncoding = 4; lastKnownFileType = sourcecode.c.h; name = RTD_Prefix.pch; path = "App Resources/RTD_Prefix.pch"; sourceTree = "<group>"; };
		14B7017812356DCA007B9C90 /* RTD-Info.plist */ = {isa = PBXFileReference; fileEncoding = 4; lastKnownFileType = text.plist.xml; name = "RTD-Info.plist"; path = "App Resources/RTD-Info.plist"; sourceTree = "<group>"; };
		14B7017912356DCA007B9C90 /* RTD.xcdatamodel */ = {isa = PBXFileReference; fileEncoding = 4; lastKnownFileType = wrapper.xcdatamodel; name = RTD.xcdatamodel; path = "App Resources/RTD.xcdatamodel"; sourceTree = "<group>"; };
		14B701B512356E2F007B9C90 /* Default.png */ = {isa = PBXFileReference; lastKnownFileType = image.png; name = Default.png; path = Artwork/Default.png; sourceTree = "<group>"; };
		14B701B612356E2F007B9C90 /* Default@2x.png */ = {isa = PBXFileReference; lastKnownFileType = image.png; name = "Default@2x.png"; path = "Artwork/Default@2x.png"; sourceTree = "<group>"; };
		14B701B912356E2F007B9C90 /* nav-bcycle_down.png */ = {isa = PBXFileReference; lastKnownFileType = image.png; name = "nav-bcycle_down.png"; path = "Artwork/nav-bcycle_down.png"; sourceTree = "<group>"; };
		14B701BA12356E2F007B9C90 /* nav-bcycle_down@2x.png */ = {isa = PBXFileReference; lastKnownFileType = image.png; name = "nav-bcycle_down@2x.png"; path = "Artwork/nav-bcycle_down@2x.png"; sourceTree = "<group>"; };
		14B701BB12356E2F007B9C90 /* nav-bcycle.png */ = {isa = PBXFileReference; lastKnownFileType = image.png; name = "nav-bcycle.png"; path = "Artwork/nav-bcycle.png"; sourceTree = "<group>"; };
		14B701BC12356E2F007B9C90 /* nav-bcycle@2x.png */ = {isa = PBXFileReference; lastKnownFileType = image.png; name = "nav-bcycle@2x.png"; path = "Artwork/nav-bcycle@2x.png"; sourceTree = "<group>"; };
		14B701BD12356E2F007B9C90 /* nav-northbound_down.png */ = {isa = PBXFileReference; lastKnownFileType = image.png; name = "nav-northbound_down.png"; path = "Artwork/nav-northbound_down.png"; sourceTree = "<group>"; };
		14B701BE12356E2F007B9C90 /* nav-northbound_down@2x.png */ = {isa = PBXFileReference; lastKnownFileType = image.png; name = "nav-northbound_down@2x.png"; path = "Artwork/nav-northbound_down@2x.png"; sourceTree = "<group>"; };
		14B701BF12356E2F007B9C90 /* nav-northbound.png */ = {isa = PBXFileReference; lastKnownFileType = image.png; name = "nav-northbound.png"; path = "Artwork/nav-northbound.png"; sourceTree = "<group>"; };
		14B701C012356E2F007B9C90 /* nav-northbound@2x.png */ = {isa = PBXFileReference; lastKnownFileType = image.png; name = "nav-northbound@2x.png"; path = "Artwork/nav-northbound@2x.png"; sourceTree = "<group>"; };
		14B701C112356E2F007B9C90 /* nav-route-map_down.png */ = {isa = PBXFileReference; lastKnownFileType = image.png; name = "nav-route-map_down.png"; path = "Artwork/nav-route-map_down.png"; sourceTree = "<group>"; };
		14B701C212356E2F007B9C90 /* nav-route-map_down@2x.png */ = {isa = PBXFileReference; lastKnownFileType = image.png; name = "nav-route-map_down@2x.png"; path = "Artwork/nav-route-map_down@2x.png"; sourceTree = "<group>"; };
		14B701C312356E2F007B9C90 /* nav-route-map.png */ = {isa = PBXFileReference; lastKnownFileType = image.png; name = "nav-route-map.png"; path = "Artwork/nav-route-map.png"; sourceTree = "<group>"; };
		14B701C412356E2F007B9C90 /* nav-route-map@2x.png */ = {isa = PBXFileReference; lastKnownFileType = image.png; name = "nav-route-map@2x.png"; path = "Artwork/nav-route-map@2x.png"; sourceTree = "<group>"; };
		14B701C512356E2F007B9C90 /* nav-southbound_down.png */ = {isa = PBXFileReference; lastKnownFileType = image.png; name = "nav-southbound_down.png"; path = "Artwork/nav-southbound_down.png"; sourceTree = "<group>"; };
		14B701C612356E2F007B9C90 /* nav-southbound_down@2x.png */ = {isa = PBXFileReference; lastKnownFileType = image.png; name = "nav-southbound_down@2x.png"; path = "Artwork/nav-southbound_down@2x.png"; sourceTree = "<group>"; };
		14B701C712356E2F007B9C90 /* nav-southbound.png */ = {isa = PBXFileReference; lastKnownFileType = image.png; name = "nav-southbound.png"; path = "Artwork/nav-southbound.png"; sourceTree = "<group>"; };
		14B701C812356E2F007B9C90 /* nav-southbound@2x.png */ = {isa = PBXFileReference; lastKnownFileType = image.png; name = "nav-southbound@2x.png"; path = "Artwork/nav-southbound@2x.png"; sourceTree = "<group>"; };
		14B701C912356E2F007B9C90 /* RTDIcon_57x57.png */ = {isa = PBXFileReference; lastKnownFileType = image.png; name = RTDIcon_57x57.png; path = Artwork/RTDIcon_57x57.png; sourceTree = "<group>"; };
		14B701CA12356E2F007B9C90 /* RTDIcon_114x114.png */ = {isa = PBXFileReference; lastKnownFileType = image.png; name = RTDIcon_114x114.png; path = Artwork/RTDIcon_114x114.png; sourceTree = "<group>"; };
		14B701EC12356EAA007B9C90 /* DayTypeChangeViewController.xib */ = {isa = PBXFileReference; lastKnownFileType = file.xib; name = DayTypeChangeViewController.xib; path = NIBs/DayTypeChangeViewController.xib; sourceTree = "<group>"; };
		14B701F112356EAA007B9C90 /* RunViewController.xib */ = {isa = PBXFileReference; lastKnownFileType = file.xib; name = RunViewController.xib; path = NIBs/RunViewController.xib; sourceTree = "<group>"; };
		14B701F212356EAA007B9C90 /* StationChangeViewController.xib */ = {isa = PBXFileReference; lastKnownFileType = file.xib; name = StationChangeViewController.xib; path = NIBs/StationChangeViewController.xib; sourceTree = "<group>"; };
		14B701F312356EAA007B9C90 /* StationListViewController.xib */ = {isa = PBXFileReference; lastKnownFileType = file.xib; name = StationListViewController.xib; path = NIBs/StationListViewController.xib; sourceTree = "<group>"; };
		14B701F512356EAA007B9C90 /* TimeChangeViewController.xib */ = {isa = PBXFileReference; lastKnownFileType = file.xib; name = TimeChangeViewController.xib; path = NIBs/TimeChangeViewController.xib; sourceTree = "<group>"; };
		14B7022712357740007B9C90 /* MainSectionSelectorView.h */ = {isa = PBXFileReference; fileEncoding = 4; lastKnownFileType = sourcecode.c.h; path = MainSectionSelectorView.h; sourceTree = "<group>"; };
		14B7022812357740007B9C90 /* MainSectionSelectorView.m */ = {isa = PBXFileReference; fileEncoding = 4; lastKnownFileType = sourcecode.c.objc; path = MainSectionSelectorView.m; sourceTree = "<group>"; };
		14B7022C12357DC0007B9C90 /* DenverRideBaseViewController.h */ = {isa = PBXFileReference; fileEncoding = 4; lastKnownFileType = sourcecode.c.h; path = DenverRideBaseViewController.h; sourceTree = "<group>"; };
		14B7022D12357DC0007B9C90 /* DenverRideBaseViewController.m */ = {isa = PBXFileReference; fileEncoding = 4; lastKnownFileType = sourcecode.c.objc; path = DenverRideBaseViewController.m; sourceTree = "<group>"; };
		14B7029B1235CBB1007B9C90 /* UIView+Categories.h */ = {isa = PBXFileReference; fileEncoding = 4; lastKnownFileType = sourcecode.c.h; path = "UIView+Categories.h"; sourceTree = "<group>"; };
		14B7029C1235CBB1007B9C90 /* UIView+Categories.m */ = {isa = PBXFileReference; fileEncoding = 4; lastKnownFileType = sourcecode.c.objc; path = "UIView+Categories.m"; sourceTree = "<group>"; };
		14BCE4EE10CC4404003E4391 /* RTDMapViewController.h */ = {isa = PBXFileReference; fileEncoding = 4; lastKnownFileType = sourcecode.c.h; path = RTDMapViewController.h; sourceTree = "<group>"; };
		14BCE4EF10CC4404003E4391 /* RTDMapViewController.m */ = {isa = PBXFileReference; fileEncoding = 4; lastKnownFileType = sourcecode.c.objc; path = RTDMapViewController.m; sourceTree = "<group>"; };
		14C6CBD61033038D00368298 /* RunViewController.h */ = {isa = PBXFileReference; fileEncoding = 4; lastKnownFileType = sourcecode.c.h; path = RunViewController.h; sourceTree = "<group>"; };
		14C6CBD71033038D00368298 /* RunViewController.m */ = {isa = PBXFileReference; fileEncoding = 4; lastKnownFileType = sourcecode.c.objc; path = RunViewController.m; sourceTree = "<group>"; };
		14DDBCBA1085801F00583F84 /* JSON.h */ = {isa = PBXFileReference; fileEncoding = 4; lastKnownFileType = sourcecode.c.h; path = JSON.h; sourceTree = "<group>"; };
		14DDBCBB1085801F00583F84 /* NSObject+SBJSON.h */ = {isa = PBXFileReference; fileEncoding = 4; lastKnownFileType = sourcecode.c.h; path = "NSObject+SBJSON.h"; sourceTree = "<group>"; };
		14DDBCBC1085801F00583F84 /* NSObject+SBJSON.m */ = {isa = PBXFileReference; fileEncoding = 4; lastKnownFileType = sourcecode.c.objc; path = "NSObject+SBJSON.m"; sourceTree = "<group>"; };
		14DDBCBD1085801F00583F84 /* NSString+SBJSON.h */ = {isa = PBXFileReference; fileEncoding = 4; lastKnownFileType = sourcecode.c.h; path = "NSString+SBJSON.h"; sourceTree = "<group>"; };
		14DDBCBE1085801F00583F84 /* NSString+SBJSON.m */ = {isa = PBXFileReference; fileEncoding = 4; lastKnownFileType = sourcecode.c.objc; path = "NSString+SBJSON.m"; sourceTree = "<group>"; };
		14DDBCBF1085801F00583F84 /* SBJSON.h */ = {isa = PBXFileReference; fileEncoding = 4; lastKnownFileType = sourcecode.c.h; path = SBJSON.h; sourceTree = "<group>"; };
		14DDBCC01085801F00583F84 /* SBJSON.m */ = {isa = PBXFileReference; fileEncoding = 4; lastKnownFileType = sourcecode.c.objc; path = SBJSON.m; sourceTree = "<group>"; };
		14DDBCC11085801F00583F84 /* SBJsonBase.h */ = {isa = PBXFileReference; fileEncoding = 4; lastKnownFileType = sourcecode.c.h; path = SBJsonBase.h; sourceTree = "<group>"; };
		14DDBCC21085801F00583F84 /* SBJsonBase.m */ = {isa = PBXFileReference; fileEncoding = 4; lastKnownFileType = sourcecode.c.objc; path = SBJsonBase.m; sourceTree = "<group>"; };
		14DDBCC31085801F00583F84 /* SBJsonParser.h */ = {isa = PBXFileReference; fileEncoding = 4; lastKnownFileType = sourcecode.c.h; path = SBJsonParser.h; sourceTree = "<group>"; };
		14DDBCC41085801F00583F84 /* SBJsonParser.m */ = {isa = PBXFileReference; fileEncoding = 4; lastKnownFileType = sourcecode.c.objc; path = SBJsonParser.m; sourceTree = "<group>"; };
		14DDBCC51085801F00583F84 /* SBJsonWriter.h */ = {isa = PBXFileReference; fileEncoding = 4; lastKnownFileType = sourcecode.c.h; path = SBJsonWriter.h; sourceTree = "<group>"; };
		14DDBCC61085801F00583F84 /* SBJsonWriter.m */ = {isa = PBXFileReference; fileEncoding = 4; lastKnownFileType = sourcecode.c.objc; path = SBJsonWriter.m; sourceTree = "<group>"; };
		14DDBCD71085881300583F84 /* EncapsulatedConnection.h */ = {isa = PBXFileReference; fileEncoding = 4; lastKnownFileType = sourcecode.c.h; path = EncapsulatedConnection.h; sourceTree = "<group>"; };
		14DDBCD81085881300583F84 /* EncapsulatedConnection.m */ = {isa = PBXFileReference; fileEncoding = 4; lastKnownFileType = sourcecode.c.objc; path = EncapsulatedConnection.m; sourceTree = "<group>"; };
		14E4D5E21034FD5700640D8B /* StationListViewController.h */ = {isa = PBXFileReference; fileEncoding = 4; lastKnownFileType = sourcecode.c.h; path = StationListViewController.h; sourceTree = "<group>"; };
		14E4D5E31034FD5700640D8B /* StationListViewController.m */ = {isa = PBXFileReference; fileEncoding = 4; lastKnownFileType = sourcecode.c.objc; path = StationListViewController.m; sourceTree = "<group>"; };
		14E4D90A10370DE600640D8B /* CoreLocation.framework */ = {isa = PBXFileReference; lastKnownFileType = wrapper.framework; name = CoreLocation.framework; path = System/Library/Frameworks/CoreLocation.framework; sourceTree = SDKROOT; };
		14E4D9DC10373C0D00640D8B /* StationStopTableViewCell.h */ = {isa = PBXFileReference; fileEncoding = 4; lastKnownFileType = sourcecode.c.h; path = StationStopTableViewCell.h; sourceTree = "<group>"; };
		14E4D9DD10373C0D00640D8B /* StationStopTableViewCell.m */ = {isa = PBXFileReference; fileEncoding = 4; lastKnownFileType = sourcecode.c.objc; path = StationStopTableViewCell.m; sourceTree = "<group>"; };
		14E4DD891038B8BB00640D8B /* UIColorCategories.m */ = {isa = PBXFileReference; fileEncoding = 4; lastKnownFileType = sourcecode.c.objc; name = UIColorCategories.m; path = ../UIColorCategories.m; sourceTree = "<group>"; };
		14E4DD8A1038B8BB00640D8B /* UIColorCategories.h */ = {isa = PBXFileReference; fileEncoding = 4; lastKnownFileType = sourcecode.c.h; name = UIColorCategories.h; path = ../UIColorCategories.h; sourceTree = "<group>"; };
		14E4DE201038CF7000640D8B /* LoadingView.h */ = {isa = PBXFileReference; fileEncoding = 4; lastKnownFileType = sourcecode.c.h; path = LoadingView.h; sourceTree = "<group>"; };
		14E4DE211038CF7000640D8B /* LoadingView.m */ = {isa = PBXFileReference; fileEncoding = 4; lastKnownFileType = sourcecode.c.objc; path = LoadingView.m; sourceTree = "<group>"; };
		14EC9CF01026370F00F375E2 /* Line.h */ = {isa = PBXFileReference; fileEncoding = 4; lastKnownFileType = sourcecode.c.h; path = Line.h; sourceTree = "<group>"; };
		14EC9CF11026370F00F375E2 /* Line.m */ = {isa = PBXFileReference; fileEncoding = 4; lastKnownFileType = sourcecode.c.objc; path = Line.m; sourceTree = "<group>"; };
		14EC9CF21026370F00F375E2 /* Station.h */ = {isa = PBXFileReference; fileEncoding = 4; lastKnownFileType = sourcecode.c.h; path = Station.h; sourceTree = "<group>"; };
		14EC9CF31026370F00F375E2 /* Station.m */ = {isa = PBXFileReference; fileEncoding = 4; lastKnownFileType = sourcecode.c.objc; path = Station.m; sourceTree = "<group>"; };
		14EC9CF41026370F00F375E2 /* Stop.h */ = {isa = PBXFileReference; fileEncoding = 4; lastKnownFileType = sourcecode.c.h; path = Stop.h; sourceTree = "<group>"; };
		14EC9CF51026370F00F375E2 /* Stop.m */ = {isa = PBXFileReference; fileEncoding = 4; lastKnownFileType = sourcecode.c.objc; path = Stop.m; sourceTree = "<group>"; };
		14FBCD8A106E8D5F002D6185 /* DayTypeChangeViewController.h */ = {isa = PBXFileReference; fileEncoding = 4; lastKnownFileType = sourcecode.c.h; path = DayTypeChangeViewController.h; sourceTree = "<group>"; };
		14FBCD8B106E8D5F002D6185 /* DayTypeChangeViewController.m */ = {isa = PBXFileReference; fileEncoding = 4; lastKnownFileType = sourcecode.c.objc; path = DayTypeChangeViewController.m; sourceTree = "<group>"; };
		14FBCE36106EBDE3002D6185 /* StationChangeViewController.h */ = {isa = PBXFileReference; fileEncoding = 4; lastKnownFileType = sourcecode.c.h; path = StationChangeViewController.h; sourceTree = "<group>"; };
		14FBCE37106EBDE3002D6185 /* StationChangeViewController.m */ = {isa = PBXFileReference; fileEncoding = 4; lastKnownFileType = sourcecode.c.objc; path = StationChangeViewController.m; sourceTree = "<group>"; };
		1D30AB110D05D00D00671497 /* Foundation.framework */ = {isa = PBXFileReference; lastKnownFileType = wrapper.framework; name = Foundation.framework; path = System/Library/Frameworks/Foundation.framework; sourceTree = SDKROOT; };
		1D3623240D0F684500981E51 /* RTDAppDelegate.h */ = {isa = PBXFileReference; fileEncoding = 4; lastKnownFileType = sourcecode.c.h; path = RTDAppDelegate.h; sourceTree = "<group>"; };
		1D3623250D0F684500981E51 /* RTDAppDelegate.m */ = {isa = PBXFileReference; fileEncoding = 4; lastKnownFileType = sourcecode.c.objc; path = RTDAppDelegate.m; sourceTree = "<group>"; };
		1D6058910D05DD3D006BFB54 /* Denver Ride.app */ = {isa = PBXFileReference; explicitFileType = wrapper.application; includeInIndex = 0; path = "Denver Ride.app"; sourceTree = BUILT_PRODUCTS_DIR; };
		1DF5F4DF0D08C38300B7A737 /* UIKit.framework */ = {isa = PBXFileReference; lastKnownFileType = wrapper.framework; name = UIKit.framework; path = System/Library/Frameworks/UIKit.framework; sourceTree = SDKROOT; };
		28860BE40F44EE6400985440 /* CoreData.framework */ = {isa = PBXFileReference; lastKnownFileType = wrapper.framework; name = CoreData.framework; path = System/Library/Frameworks/CoreData.framework; sourceTree = SDKROOT; };
		2892E40F0DC94CBA00A64D0F /* CoreGraphics.framework */ = {isa = PBXFileReference; lastKnownFileType = wrapper.framework; name = CoreGraphics.framework; path = System/Library/Frameworks/CoreGraphics.framework; sourceTree = SDKROOT; };
		28C286DF0D94DF7D0034E888 /* RootViewController.h */ = {isa = PBXFileReference; fileEncoding = 4; lastKnownFileType = sourcecode.c.h; path = RootViewController.h; sourceTree = "<group>"; };
		28C286E00D94DF7D0034E888 /* RootViewController.m */ = {isa = PBXFileReference; fileEncoding = 4; lastKnownFileType = sourcecode.c.objc; path = RootViewController.m; sourceTree = "<group>"; };
/* End PBXFileReference section */

/* Begin PBXFrameworksBuildPhase section */
		1D60588F0D05DD3D006BFB54 /* Frameworks */ = {
			isa = PBXFrameworksBuildPhase;
			buildActionMask = 2147483647;
			files = (
				028ED94713342CA10055CDC7 /* libz.dylib in Frameworks */,
				028ED94513342C9A0055CDC7 /* MapKit.framework in Frameworks */,
				1D60589F0D05DD5A006BFB54 /* Foundation.framework in Frameworks */,
				1DF5F4E00D08C38300B7A737 /* UIKit.framework in Frameworks */,
				2892E4100DC94CBA00A64D0F /* CoreGraphics.framework in Frameworks */,
				28860BE50F44EE6400985440 /* CoreData.framework in Frameworks */,
				14E4D90B10370DE600640D8B /* CoreLocation.framework in Frameworks */,
				02473396152AB3E9000A42FC /* libFlurryAnalytics.a in Frameworks */,
			);
			runOnlyForDeploymentPostprocessing = 0;
		};
/* End PBXFrameworksBuildPhase section */

/* Begin PBXGroup section */
		080E96DDFE201D6D7F000001 /* Classes */ = {
			isa = PBXGroup;
			children = (
				02A89FD913024DCF00D8F0A1 /* DLog.h */,
				145B00871250001000A643AA /* Categories */,
				14B7017212356D9E007B9C90 /* Flurry */,
				14DDBCB91085801F00583F84 /* JSON */,
				14E4D9DB10373BF300640D8B /* Views */,
				14E4D5E81034FD9100640D8B /* View Controllers */,
				14E4D5E71034FD7400640D8B /* Models */,
				1D3623240D0F684500981E51 /* RTDAppDelegate.h */,
				1D3623250D0F684500981E51 /* RTDAppDelegate.m */,
				145BFFDE124FD3C700A643AA /* StationAnnotation.h */,
				145BFFDF124FD3C700A643AA /* StationAnnotation.m */,
				14DDBCD71085881300583F84 /* EncapsulatedConnection.h */,
				14DDBCD81085881300583F84 /* EncapsulatedConnection.m */,
				14A82114123764DB00DA7692 /* Constants.h */,
				145B00A3125014C100A643AA /* DatabaseUpdater.h */,
				145B00A4125014C100A643AA /* DatabaseUpdater.m */,
				1465D909129DE0F1009132DE /* DatabaseLoader.h */,
				1465D90A129DE0F1009132DE /* DatabaseLoader.m */,
			);
			path = Classes;
			sourceTree = "<group>";
		};
		145B00871250001000A643AA /* Categories */ = {
			isa = PBXGroup;
			children = (
				14E4DD8A1038B8BB00640D8B /* UIColorCategories.h */,
				14E4DD891038B8BB00640D8B /* UIColorCategories.m */,
				14B7029B1235CBB1007B9C90 /* UIView+Categories.h */,
				14B7029C1235CBB1007B9C90 /* UIView+Categories.m */,
				1450A153103B8BF00069B04C /* NSDate+TimeInMinutes.h */,
				1450A154103B8BF00069B04C /* NSDate+TimeInMinutes.m */,
				145B0069124FFC4300A643AA /* NSData+gzip.h */,
				145B006A124FFC4300A643AA /* NSData+gzip.m */,
			);
			name = Categories;
			sourceTree = "<group>";
		};
		14B7016812355C5E007B9C90 /* NIBs */ = {
			isa = PBXGroup;
			children = (
				14B701EC12356EAA007B9C90 /* DayTypeChangeViewController.xib */,
				14B701F112356EAA007B9C90 /* RunViewController.xib */,
				14B701F212356EAA007B9C90 /* StationChangeViewController.xib */,
				14B701F312356EAA007B9C90 /* StationListViewController.xib */,
				14B701F512356EAA007B9C90 /* TimeChangeViewController.xib */,
			);
			name = NIBs;
			sourceTree = "<group>";
		};
		14B7017112356D96007B9C90 /* App Resources */ = {
			isa = PBXGroup;
			children = (
				145BFFF4124FD52D00A643AA /* bcycle_stations.txt */,
				14B7017612356DCA007B9C90 /* main.m */,
				14B7017712356DCA007B9C90 /* RTD_Prefix.pch */,
				14B7017812356DCA007B9C90 /* RTD-Info.plist */,
				14B7017912356DCA007B9C90 /* RTD.xcdatamodel */,
				02B7FD3E156A9EA600867D4A /* Denver Ride.entitlements */,
			);
			name = "App Resources";
			sourceTree = "<group>";
		};
		14B7017212356D9E007B9C90 /* Flurry */ = {
			isa = PBXGroup;
			children = (
				02473394152AB3CE000A42FC /* FlurryAnalytics.h */,
			);
			name = Flurry;
			sourceTree = "<group>";
		};
		14B7017F12356E08007B9C90 /* stop files */ = {
			isa = PBXGroup;
			children = (
				1465D90C129DE80E009132DE /* routes.txt */,
				1465D90D129DE80E009132DE /* stop_times.txt */,
				1465D90E129DE80E009132DE /* stops.txt */,
				1465D90F129DE80E009132DE /* trips.txt */,
				14A782DB129E138600C7F372 /* linesToProcess.txt */,
			);
			path = "stop files";
			sourceTree = "<group>";
		};
		14B701B412356E15007B9C90 /* Images */ = {
			isa = PBXGroup;
			children = (
				02AE137E130B9C3700816476 /* light-rail-map.pdf */,
				14B701B512356E2F007B9C90 /* Default.png */,
				14B701B612356E2F007B9C90 /* Default@2x.png */,
				14B701B912356E2F007B9C90 /* nav-bcycle_down.png */,
				14B701BA12356E2F007B9C90 /* nav-bcycle_down@2x.png */,
				14B701BB12356E2F007B9C90 /* nav-bcycle.png */,
				14B701BC12356E2F007B9C90 /* nav-bcycle@2x.png */,
				14B701BD12356E2F007B9C90 /* nav-northbound_down.png */,
				14B701BE12356E2F007B9C90 /* nav-northbound_down@2x.png */,
				14B701BF12356E2F007B9C90 /* nav-northbound.png */,
				14B701C012356E2F007B9C90 /* nav-northbound@2x.png */,
				14B701C112356E2F007B9C90 /* nav-route-map_down.png */,
				14B701C212356E2F007B9C90 /* nav-route-map_down@2x.png */,
				14B701C312356E2F007B9C90 /* nav-route-map.png */,
				14B701C412356E2F007B9C90 /* nav-route-map@2x.png */,
				14B701C512356E2F007B9C90 /* nav-southbound_down.png */,
				14B701C612356E2F007B9C90 /* nav-southbound_down@2x.png */,
				14B701C712356E2F007B9C90 /* nav-southbound.png */,
				14B701C812356E2F007B9C90 /* nav-southbound@2x.png */,
				14B701C912356E2F007B9C90 /* RTDIcon_57x57.png */,
				14B701CA12356E2F007B9C90 /* RTDIcon_114x114.png */,
			);
			name = Images;
			sourceTree = "<group>";
		};
		14DDBCB91085801F00583F84 /* JSON */ = {
			isa = PBXGroup;
			children = (
				14DDBCBA1085801F00583F84 /* JSON.h */,
				14DDBCBB1085801F00583F84 /* NSObject+SBJSON.h */,
				14DDBCBC1085801F00583F84 /* NSObject+SBJSON.m */,
				14DDBCBD1085801F00583F84 /* NSString+SBJSON.h */,
				14DDBCBE1085801F00583F84 /* NSString+SBJSON.m */,
				14DDBCBF1085801F00583F84 /* SBJSON.h */,
				14DDBCC01085801F00583F84 /* SBJSON.m */,
				14DDBCC11085801F00583F84 /* SBJsonBase.h */,
				14DDBCC21085801F00583F84 /* SBJsonBase.m */,
				14DDBCC31085801F00583F84 /* SBJsonParser.h */,
				14DDBCC41085801F00583F84 /* SBJsonParser.m */,
				14DDBCC51085801F00583F84 /* SBJsonWriter.h */,
				14DDBCC61085801F00583F84 /* SBJsonWriter.m */,
			);
			path = JSON;
			sourceTree = "<group>";
		};
		14E4D5E71034FD7400640D8B /* Models */ = {
			isa = PBXGroup;
			children = (
				14EC9CF01026370F00F375E2 /* Line.h */,
				14EC9CF11026370F00F375E2 /* Line.m */,
				14EC9CF21026370F00F375E2 /* Station.h */,
				14EC9CF31026370F00F375E2 /* Station.m */,
				14EC9CF41026370F00F375E2 /* Stop.h */,
				14EC9CF51026370F00F375E2 /* Stop.m */,
			);
			name = Models;
			sourceTree = "<group>";
		};
		14E4D5E81034FD9100640D8B /* View Controllers */ = {
			isa = PBXGroup;
			children = (
				145BFFDB124FD3B700A643AA /* BCycleViewController.h */,
				145BFFDC124FD3B700A643AA /* BCycleViewController.m */,
				14B7022C12357DC0007B9C90 /* DenverRideBaseViewController.h */,
				14B7022D12357DC0007B9C90 /* DenverRideBaseViewController.m */,
				28C286DF0D94DF7D0034E888 /* RootViewController.h */,
				28C286E00D94DF7D0034E888 /* RootViewController.m */,
				1454CF2E102F69D7007F0516 /* StationViewController.h */,
				1454CF2F102F69D7007F0516 /* StationViewController.m */,
				14C6CBD61033038D00368298 /* RunViewController.h */,
				14C6CBD71033038D00368298 /* RunViewController.m */,
				14E4D5E21034FD5700640D8B /* StationListViewController.h */,
				14E4D5E31034FD5700640D8B /* StationListViewController.m */,
				14842558105BD87900DCB458 /* ManualSelectViewController.h */,
				14842559105BD87900DCB458 /* ManualSelectViewController.m */,
				1484255B105BD8B000DCB458 /* ClosestSelectViewController.h */,
				1484255C105BD8B000DCB458 /* ClosestSelectViewController.m */,
				147DADD7105C45A60050081B /* ChangeDirectionProtocol.h */,
				140B57AE105D92DE00468DC9 /* TimeChangeViewController.h */,
				140B57AF105D92DF00468DC9 /* TimeChangeViewController.m */,
				14FBCD8A106E8D5F002D6185 /* DayTypeChangeViewController.h */,
				14FBCD8B106E8D5F002D6185 /* DayTypeChangeViewController.m */,
				14FBCE36106EBDE3002D6185 /* StationChangeViewController.h */,
				14FBCE37106EBDE3002D6185 /* StationChangeViewController.m */,
				14BCE4EE10CC4404003E4391 /* RTDMapViewController.h */,
				14BCE4EF10CC4404003E4391 /* RTDMapViewController.m */,
			);
			name = "View Controllers";
			sourceTree = "<group>";
		};
		14E4D9DB10373BF300640D8B /* Views */ = {
			isa = PBXGroup;
			children = (
				14E4D9DC10373C0D00640D8B /* StationStopTableViewCell.h */,
				14E4D9DD10373C0D00640D8B /* StationStopTableViewCell.m */,
				14E4DE201038CF7000640D8B /* LoadingView.h */,
				14E4DE211038CF7000640D8B /* LoadingView.m */,
				14B7022712357740007B9C90 /* MainSectionSelectorView.h */,
				14B7022812357740007B9C90 /* MainSectionSelectorView.m */,
			);
			name = Views;
			sourceTree = "<group>";
		};
		19C28FACFE9D520D11CA2CBB /* Products */ = {
			isa = PBXGroup;
			children = (
				1D6058910D05DD3D006BFB54 /* Denver Ride.app */,
			);
			name = Products;
			sourceTree = "<group>";
		};
		29B97314FDCFA39411CA2CEA /* CustomTemplate */ = {
			isa = PBXGroup;
			children = (
				14B7017112356D96007B9C90 /* App Resources */,
				080E96DDFE201D6D7F000001 /* Classes */,
				29B97317FDCFA39411CA2CEA /* Resources */,
				29B97323FDCFA39411CA2CEA /* Frameworks */,
				19C28FACFE9D520D11CA2CBB /* Products */,
			);
			name = CustomTemplate;
			sourceTree = "<group>";
		};
		29B97317FDCFA39411CA2CEA /* Resources */ = {
			isa = PBXGroup;
			children = (
				0232ECDF15E461130053FE65 /* RTD2.0.sqlite */,
				14B701B412356E15007B9C90 /* Images */,
				14B7017F12356E08007B9C90 /* stop files */,
				14B7016812355C5E007B9C90 /* NIBs */,
			);
			name = Resources;
			sourceTree = "<group>";
		};
		29B97323FDCFA39411CA2CEA /* Frameworks */ = {
			isa = PBXGroup;
			children = (
				02473395152AB3E9000A42FC /* libFlurryAnalytics.a */,
				028ED94613342CA10055CDC7 /* libz.dylib */,
				028ED94413342C9A0055CDC7 /* MapKit.framework */,
				14E4D90A10370DE600640D8B /* CoreLocation.framework */,
				1DF5F4DF0D08C38300B7A737 /* UIKit.framework */,
				1D30AB110D05D00D00671497 /* Foundation.framework */,
				2892E40F0DC94CBA00A64D0F /* CoreGraphics.framework */,
				28860BE40F44EE6400985440 /* CoreData.framework */,
			);
			name = Frameworks;
			sourceTree = "<group>";
		};
/* End PBXGroup section */

/* Begin PBXNativeTarget section */
		1D6058900D05DD3D006BFB54 /* Denver Ride */ = {
			isa = PBXNativeTarget;
			buildConfigurationList = 1D6058960D05DD3E006BFB54 /* Build configuration list for PBXNativeTarget "Denver Ride" */;
			buildPhases = (
				1D60588D0D05DD3D006BFB54 /* Resources */,
				1D60588E0D05DD3D006BFB54 /* Sources */,
				1D60588F0D05DD3D006BFB54 /* Frameworks */,
			);
			buildRules = (
			);
			dependencies = (
			);
			name = "Denver Ride";
			productName = RTD;
			productReference = 1D6058910D05DD3D006BFB54 /* Denver Ride.app */;
			productType = "com.apple.product-type.application";
		};
/* End PBXNativeTarget section */

/* Begin PBXProject section */
		29B97313FDCFA39411CA2CEA /* Project object */ = {
			isa = PBXProject;
			attributes = {
				LastUpgradeCheck = 0430;
				ORGANIZATIONNAME = "Fluidvision Design";
			};
			buildConfigurationList = C01FCF4E08A954540054247B /* Build configuration list for PBXProject "RTD" */;
			compatibilityVersion = "Xcode 3.2";
			developmentRegion = English;
			hasScannedForEncodings = 1;
			knownRegions = (
				English,
				Japanese,
				French,
				German,
				en,
			);
			mainGroup = 29B97314FDCFA39411CA2CEA /* CustomTemplate */;
			projectDirPath = "";
			projectRoot = "";
			targets = (
				1D6058900D05DD3D006BFB54 /* Denver Ride */,
			);
		};
/* End PBXProject section */

/* Begin PBXResourcesBuildPhase section */
		1D60588D0D05DD3D006BFB54 /* Resources */ = {
			isa = PBXResourcesBuildPhase;
			buildActionMask = 2147483647;
			files = (
				14B701CB12356E2F007B9C90 /* Default.png in Resources */,
				14B701CC12356E2F007B9C90 /* Default@2x.png in Resources */,
				14B701CF12356E2F007B9C90 /* nav-bcycle_down.png in Resources */,
				14B701D012356E2F007B9C90 /* nav-bcycle_down@2x.png in Resources */,
				14B701D112356E2F007B9C90 /* nav-bcycle.png in Resources */,
				14B701D212356E2F007B9C90 /* nav-bcycle@2x.png in Resources */,
				14B701D312356E2F007B9C90 /* nav-northbound_down.png in Resources */,
				14B701D412356E2F007B9C90 /* nav-northbound_down@2x.png in Resources */,
				14B701D512356E2F007B9C90 /* nav-northbound.png in Resources */,
				14B701D612356E2F007B9C90 /* nav-northbound@2x.png in Resources */,
				14B701D712356E2F007B9C90 /* nav-route-map_down.png in Resources */,
				14B701D812356E2F007B9C90 /* nav-route-map_down@2x.png in Resources */,
				14B701D912356E2F007B9C90 /* nav-route-map.png in Resources */,
				14B701DA12356E2F007B9C90 /* nav-route-map@2x.png in Resources */,
				14B701DB12356E2F007B9C90 /* nav-southbound_down.png in Resources */,
				14B701DC12356E2F007B9C90 /* nav-southbound_down@2x.png in Resources */,
				14B701DD12356E2F007B9C90 /* nav-southbound.png in Resources */,
				14B701DE12356E2F007B9C90 /* nav-southbound@2x.png in Resources */,
				14B701DF12356E2F007B9C90 /* RTDIcon_57x57.png in Resources */,
				14B701E012356E2F007B9C90 /* RTDIcon_114x114.png in Resources */,
				14B701F712356EAA007B9C90 /* DayTypeChangeViewController.xib in Resources */,
				14B701FC12356EAA007B9C90 /* RunViewController.xib in Resources */,
				14B701FD12356EAA007B9C90 /* StationChangeViewController.xib in Resources */,
				14B701FE12356EAA007B9C90 /* StationListViewController.xib in Resources */,
				14B7020012356EAA007B9C90 /* TimeChangeViewController.xib in Resources */,
				145BFFF5124FD52D00A643AA /* bcycle_stations.txt in Resources */,
				02AE137F130B9C3700816476 /* light-rail-map.pdf in Resources */,
				0232ECE015E461130053FE65 /* RTD2.0.sqlite in Resources */,
			);
			runOnlyForDeploymentPostprocessing = 0;
		};
/* End PBXResourcesBuildPhase section */

/* Begin PBXSourcesBuildPhase section */
		1D60588E0D05DD3D006BFB54 /* Sources */ = {
			isa = PBXSourcesBuildPhase;
			buildActionMask = 2147483647;
			files = (
				1D3623260D0F684500981E51 /* RTDAppDelegate.m in Sources */,
				28C286E10D94DF7D0034E888 /* RootViewController.m in Sources */,
				14EC9CF61026370F00F375E2 /* Line.m in Sources */,
				14EC9CF71026370F00F375E2 /* Station.m in Sources */,
				14EC9CF81026370F00F375E2 /* Stop.m in Sources */,
				1454CF30102F69D7007F0516 /* StationViewController.m in Sources */,
				14C6CBD91033038D00368298 /* RunViewController.m in Sources */,
				14E4D5E51034FD5700640D8B /* StationListViewController.m in Sources */,
				14E4D9DE10373C0D00640D8B /* StationStopTableViewCell.m in Sources */,
				14E4DD8B1038B8BB00640D8B /* UIColorCategories.m in Sources */,
				14E4DE221038CF7000640D8B /* LoadingView.m in Sources */,
				1450A155103B8BF00069B04C /* NSDate+TimeInMinutes.m in Sources */,
				1484255A105BD87900DCB458 /* ManualSelectViewController.m in Sources */,
				1484255D105BD8B000DCB458 /* ClosestSelectViewController.m in Sources */,
				140B57B1105D92DF00468DC9 /* TimeChangeViewController.m in Sources */,
				14FBCD8D106E8D5F002D6185 /* DayTypeChangeViewController.m in Sources */,
				14FBCE39106EBDE3002D6185 /* StationChangeViewController.m in Sources */,
				14DDBCC71085801F00583F84 /* NSObject+SBJSON.m in Sources */,
				14DDBCC81085801F00583F84 /* NSString+SBJSON.m in Sources */,
				14DDBCC91085801F00583F84 /* SBJSON.m in Sources */,
				14DDBCCA1085801F00583F84 /* SBJsonBase.m in Sources */,
				14DDBCCB1085801F00583F84 /* SBJsonParser.m in Sources */,
				14DDBCCC1085801F00583F84 /* SBJsonWriter.m in Sources */,
				14DDBCD91085881300583F84 /* EncapsulatedConnection.m in Sources */,
				14BCE4F110CC4404003E4391 /* RTDMapViewController.m in Sources */,
				14B7017B12356DCA007B9C90 /* main.m in Sources */,
				14B7017D12356DCA007B9C90 /* RTD.xcdatamodel in Sources */,
				14B7022912357740007B9C90 /* MainSectionSelectorView.m in Sources */,
				14B7022E12357DC0007B9C90 /* DenverRideBaseViewController.m in Sources */,
				14B7029D1235CBB1007B9C90 /* UIView+Categories.m in Sources */,
				145BFFDD124FD3B700A643AA /* BCycleViewController.m in Sources */,
				145BFFE0124FD3C700A643AA /* StationAnnotation.m in Sources */,
				145B006B124FFC4300A643AA /* NSData+gzip.m in Sources */,
				145B00A5125014C100A643AA /* DatabaseUpdater.m in Sources */,
				1465D90B129DE0F1009132DE /* DatabaseLoader.m in Sources */,
			);
			runOnlyForDeploymentPostprocessing = 0;
		};
/* End PBXSourcesBuildPhase section */

/* Begin XCBuildConfiguration section */
		1450A4B3103CB4BC0069B04C /* Distribution */ = {
			isa = XCBuildConfiguration;
			buildSettings = {
				ARCHS = (
					armv7,
					armv6,
				);
				CODE_SIGN_ENTITLEMENTS = Entitlements.plist;
				CODE_SIGN_IDENTITY = "iPhone Distribution";
				"CODE_SIGN_IDENTITY[sdk=iphoneos*]" = "iPhone Distribution";
				GCC_C_LANGUAGE_STANDARD = c99;
				GCC_WARN_ABOUT_RETURN_TYPE = YES;
				GCC_WARN_UNUSED_VARIABLE = YES;
				IPHONEOS_DEPLOYMENT_TARGET = 3.1;
				PROVISIONING_PROFILE = "";
				"PROVISIONING_PROFILE[sdk=iphoneos*]" = "";
				SDKROOT = iphoneos;
			};
			name = Distribution;
		};
		1450A4B4103CB4BC0069B04C /* Distribution */ = {
			isa = XCBuildConfiguration;
			buildSettings = {
				ALWAYS_SEARCH_USER_PATHS = NO;
				CODE_SIGN_ENTITLEMENTS = "Denver Ride.entitlements";
				CODE_SIGN_IDENTITY = "iPhone Distribution";
				"CODE_SIGN_IDENTITY[sdk=iphoneos*]" = "iPhone Distribution";
				COPY_PHASE_STRIP = YES;
				GCC_PRECOMPILE_PREFIX_HEADER = YES;
				GCC_PREFIX_HEADER = "App Resources/RTD_Prefix.pch";
				GCC_VERSION = com.apple.compilers.llvmgcc42;
				INFOPLIST_FILE = "App Resources/RTD-Info.plist";
				IPHONEOS_DEPLOYMENT_TARGET = 3.1;
				LIBRARY_SEARCH_PATHS = (
					"$(inherited)",
					"\"$(SRCROOT)\"",
					"\"$(SRCROOT)/Flurry\"",
				);
				OTHER_CFLAGS = "";
				OTHER_LDFLAGS = (
					"-weak_framework",
					UIKit,
					"-weak_library",
					/usr/lib/libSystem.B.dylib,
				);
				PRODUCT_NAME = "Denver Ride";
				PROVISIONING_PROFILE = "";
				"PROVISIONING_PROFILE[sdk=iphoneos*]" = "";
				SDKROOT = iphoneos;
			};
			name = Distribution;
		};
		1D6058940D05DD3E006BFB54 /* Debug */ = {
			isa = XCBuildConfiguration;
			buildSettings = {
				ALWAYS_SEARCH_USER_PATHS = NO;
				CODE_SIGN_ENTITLEMENTS = "Denver Ride.entitlements";
				CODE_SIGN_IDENTITY = "iPhone Developer: Bryce Hammond (288P9Q3CLH)";
				"CODE_SIGN_IDENTITY[sdk=iphoneos*]" = "iPhone Developer: Bryce Hammond (288P9Q3CLH)";
				COPY_PHASE_STRIP = NO;
				GCC_DYNAMIC_NO_PIC = NO;
				GCC_OPTIMIZATION_LEVEL = 0;
				GCC_PRECOMPILE_PREFIX_HEADER = YES;
				GCC_PREFIX_HEADER = "App Resources/RTD_Prefix.pch";
				INFOPLIST_FILE = "App Resources/RTD-Info.plist";
				IPHONEOS_DEPLOYMENT_TARGET = 3.1;
				LIBRARY_SEARCH_PATHS = (
					"$(inherited)",
					"\"$(SRCROOT)\"",
					"\"$(SRCROOT)/Flurry\"",
				);
				OTHER_CFLAGS = "-DDEBUG";
				OTHER_LDFLAGS = (
					"-weak_framework",
					UIKit,
					"-weak_library",
					/usr/lib/libSystem.B.dylib,
				);
				PRODUCT_NAME = "Denver Ride";
				PROVISIONING_PROFILE = "32F29573-80F7-4B00-8541-33D92D39F59C";
				"PROVISIONING_PROFILE[sdk=iphoneos*]" = "32F29573-80F7-4B00-8541-33D92D39F59C";
				SDKROOT = iphoneos;
			};
			name = Debug;
		};
		1D6058950D05DD3E006BFB54 /* Release */ = {
			isa = XCBuildConfiguration;
			buildSettings = {
				ALWAYS_SEARCH_USER_PATHS = NO;
				CODE_SIGN_ENTITLEMENTS = "Denver Ride.entitlements";
				CODE_SIGN_IDENTITY = "iPhone Developer: Bryce Hammond (288P9Q3CLH)";
				"CODE_SIGN_IDENTITY[sdk=iphoneos*]" = "iPhone Developer: Bryce Hammond (288P9Q3CLH)";
				COPY_PHASE_STRIP = YES;
				GCC_PRECOMPILE_PREFIX_HEADER = YES;
				GCC_PREFIX_HEADER = "App Resources/RTD_Prefix.pch";
				INFOPLIST_FILE = "App Resources/RTD-Info.plist";
				IPHONEOS_DEPLOYMENT_TARGET = 3.1;
				LIBRARY_SEARCH_PATHS = (
					"$(inherited)",
					"\"$(SRCROOT)\"",
					"\"$(SRCROOT)/Flurry\"",
				);
				OTHER_CFLAGS = "";
				OTHER_LDFLAGS = (
					"-weak_framework",
					UIKit,
					"-weak_library",
					/usr/lib/libSystem.B.dylib,
				);
				PRODUCT_NAME = "Denver Ride";
				PROVISIONING_PROFILE = "6EF3C598-375A-44A7-B8C1-9D8973CF344B";
				"PROVISIONING_PROFILE[sdk=iphoneos*]" = "6EF3C598-375A-44A7-B8C1-9D8973CF344B";
				SDKROOT = iphoneos;
			};
			name = Release;
		};
		C01FCF4F08A954540054247B /* Debug */ = {
			isa = XCBuildConfiguration;
			buildSettings = {
				ARCHS = "$(ARCHS_STANDARD_32_BIT)";
				CODE_SIGN_IDENTITY = "iPhone Developer";
				"CODE_SIGN_IDENTITY[sdk=iphoneos*]" = "iPhone Developer";
				GCC_C_LANGUAGE_STANDARD = c99;
				GCC_WARN_ABOUT_RETURN_TYPE = YES;
				GCC_WARN_UNUSED_VARIABLE = YES;
				IPHONEOS_DEPLOYMENT_TARGET = 3.1;
				PROVISIONING_PROFILE = "";
				"PROVISIONING_PROFILE[sdk=iphoneos*]" = "";
				SDKROOT = iphoneos;
			};
			name = Debug;
		};
		C01FCF5008A954540054247B /* Release */ = {
			isa = XCBuildConfiguration;
			buildSettings = {
				ARCHS = "$(ARCHS_STANDARD_32_BIT)";
				CODE_SIGN_IDENTITY = "iPhone Developer";
				"CODE_SIGN_IDENTITY[sdk=iphoneos*]" = "iPhone Developer";
				GCC_C_LANGUAGE_STANDARD = c99;
				GCC_WARN_ABOUT_RETURN_TYPE = YES;
				GCC_WARN_UNUSED_VARIABLE = YES;
				IPHONEOS_DEPLOYMENT_TARGET = 3.1;
				PROVISIONING_PROFILE = "";
				"PROVISIONING_PROFILE[sdk=iphoneos*]" = "";
				SDKROOT = iphoneos;
			};
			name = Release;
		};
/* End XCBuildConfiguration section */

/* Begin XCConfigurationList section */
		1D6058960D05DD3E006BFB54 /* Build configuration list for PBXNativeTarget "Denver Ride" */ = {
			isa = XCConfigurationList;
			buildConfigurations = (
				1D6058940D05DD3E006BFB54 /* Debug */,
				1D6058950D05DD3E006BFB54 /* Release */,
				1450A4B4103CB4BC0069B04C /* Distribution */,
			);
			defaultConfigurationIsVisible = 0;
			defaultConfigurationName = Release;
		};
		C01FCF4E08A954540054247B /* Build configuration list for PBXProject "RTD" */ = {
			isa = XCConfigurationList;
			buildConfigurations = (
				C01FCF4F08A954540054247B /* Debug */,
				C01FCF5008A954540054247B /* Release */,
				1450A4B3103CB4BC0069B04C /* Distribution */,
			);
			defaultConfigurationIsVisible = 0;
			defaultConfigurationName = Release;
		};
/* End XCConfigurationList section */
	};
	rootObject = 29B97313FDCFA39411CA2CEA /* Project object */;
}
